# generated by rye
# use `rye lock` or `rye sync` to update this lockfile
#
# last locked with the following flags:
#   pre: false
#   features: []
#   all-features: false
#   with-sources: false
#   generate-hashes: false
#   universal: false

aiomysql==0.2.0
cffi==1.17.1
    # via cryptography
cryptography==43.0.3
mysql-connector-python==9.1.0
pycparser==2.22
    # via cffi
pymysql==1.1.1
    # via aiomysql
